
Microsoft Visual Studio Solution File, Format Version 12.00
# Visual Studio Version 18
VisualStudioVersion = 18.1.11304.174
MinimumVisualStudioVersion = 10.0.40219.1
Project("{2150E333-8FDC-42A3-9474-1A3956D46DE8}") = "Graph", "Graph", "{8CC1F563-174C-4E03-9E45-D0683ED9F999}"
EndProject
Project("{9A19103F-16F7-4668-BE54-9A1E7A4F7556}") = "DetectCycleInUndirectedGraphBFS", "Graph\DetectCycleInUndirectedGraphBFS\DetectCycleInUndirectedGraphBFS.csproj", "{AAA7B345-FC31-4129-84DE-FBDFCC9301C7}"
EndProject
Project("{9A19103F-16F7-4668-BE54-9A1E7A4F7556}") = "DetectCycleInUndirectedGraphDFS", "Graph\DetectCycleInUndirectedGraphDFS\DetectCycleInUndirectedGraphDFS.csproj", "{8CF4E716-2DEC-4137-86F1-BFC0875BFA65}"
EndProject
Project("{9A19103F-16F7-4668-BE54-9A1E7A4F7556}") = "TopologicalSort", "Graph\TopologicalSort\TopologicalSort.csproj", "{9F348252-44DD-4A2C-A48E-FA1A4F5CBA67}"
EndProject
Project("{9A19103F-16F7-4668-BE54-9A1E7A4F7556}") = "NumberOfIsland", "Graph\NumberOfIsland\NumberOfIsland.csproj", "{830C8A4E-8EFF-4A2A-9640-A2A6F2E976B8}"
EndProject
Project("{2150E333-8FDC-42A3-9474-1A3956D46DE8}") = "LinkedList", "LinkedList", "{9A808174-60A9-4DF0-8B42-02240C20D6B8}"
EndProject
Project("{9A19103F-16F7-4668-BE54-9A1E7A4F7556}") = "LRUCacheImplementation", "LinkedList\LRUCacheImplementation\LRUCacheImplementation.csproj", "{C4BCE8E9-C4C9-4EF2-8C5A-9BB7B1E5AAA5}"
EndProject
Project("{9A19103F-16F7-4668-BE54-9A1E7A4F7556}") = "IsGraphBipartite", "Graph\IsGraphBipartite\IsGraphBipartite.csproj", "{5E5B9B42-D01B-4580-963B-35AB4DF44DBC}"
EndProject
Project("{9A19103F-16F7-4668-BE54-9A1E7A4F7556}") = "CourseSchedule", "Graph\CourseSchedule\CourseSchedule.csproj", "{CBEAC433-AADA-465F-9C90-B4725ECFA2C5}"
EndProject
Project("{9A19103F-16F7-4668-BE54-9A1E7A4F7556}") = "ShortestPathUndirectedGraph_UnitWeight", "Graph\ShortestPathUndirectedGraph_UnitWeight\ShortestPathUndirectedGraph_UnitWeight.csproj", "{C2E7BC09-7A7F-4D8C-9398-DE1B5EB8EC37}"
EndProject
Project("{9A19103F-16F7-4668-BE54-9A1E7A4F7556}") = "ShortestPathDirectedAcylicGraph_Weight", "Graph\ShortestPathDirectedAcylicGraph_Weight\ShortestPathDirectedAcylicGraph_Weight.csproj", "{BA55752C-DA44-4FCC-A1BE-297E56039C85}"
EndProject
Project("{2150E333-8FDC-42A3-9474-1A3956D46DE8}") = "PriorityQueue", "PriorityQueue", "{92D5A199-D802-4CDE-9EB6-E41B71E84603}"
EndProject
Project("{9A19103F-16F7-4668-BE54-9A1E7A4F7556}") = "BuildHeap", "PriorityQueue\BuildHeap\BuildHeap.csproj", "{BD57CC1D-FFF8-4795-9C24-0B7892897406}"
EndProject
Project("{2150E333-8FDC-42A3-9474-1A3956D46DE8}") = "Array_String", "Array_String", "{87200333-9E97-438A-AA94-E9D61A3B9B12}"
EndProject
Project("{9A19103F-16F7-4668-BE54-9A1E7A4F7556}") = "SearchInRotatedSortedArray", "Array_String\SearchInRotatedSortedArray\SearchInRotatedSortedArray.csproj", "{6DC5AA93-98EE-4160-BDD9-F4F4F33DA8D7}"
EndProject
Project("{2150E333-8FDC-42A3-9474-1A3956D46DE8}") = "DP", "DP", "{9EE8BC01-DDF8-457D-84A4-43E851A07ADA}"
EndProject
Project("{9A19103F-16F7-4668-BE54-9A1E7A4F7556}") = "ClimbingStairs", "DP\ClimbingStairs\ClimbingStairs.csproj", "{71245B21-E554-4EF4-A17B-F0AB7DE58BFC}"
EndProject
Project("{9A19103F-16F7-4668-BE54-9A1E7A4F7556}") = "StringToInteger", "Array_String\StringToInteger\StringToInteger.csproj", "{D0DA3DD8-8CCA-43D0-91A1-24ACF2BCEBCF}"
EndProject
Project("{2150E333-8FDC-42A3-9474-1A3956D46DE8}") = "Tree", "Tree", "{E84A2DD1-3158-4805-81E3-405E66D24AB9}"
EndProject
Project("{9A19103F-16F7-4668-BE54-9A1E7A4F7556}") = "BinaryTreeFromInorderAndPostorder", "Tree\BinaryTreeFromInorderAndPostorder\BinaryTreeFromInorderAndPostorder.csproj", "{14222B5D-6801-42B0-B7D2-7795209A31CB}"
EndProject
Project("{9A19103F-16F7-4668-BE54-9A1E7A4F7556}") = "TreeNode", "Tree\TreeNode\TreeNode.csproj", "{BBE6C1C5-FE90-4215-875D-0372FDE9FE3A}"
EndProject
Project("{9A19103F-16F7-4668-BE54-9A1E7A4F7556}") = "MergeKSortedLists", "PriorityQueue\MergeKSortedLists\MergeKSortedLists.csproj", "{D70271C4-CC5C-4159-A456-0B7F0B497780}"
EndProject
Project("{9A19103F-16F7-4668-BE54-9A1E7A4F7556}") = "SkyLineProblem", "Array_String\SkyLineProblem\SkyLineProblem.csproj", "{2A6DB88B-4D39-4117-B7B4-6007DA1F3D33}"
EndProject
Project("{2150E333-8FDC-42A3-9474-1A3956D46DE8}") = "LLD", "LLD", "{2D834AF9-1802-4500-B0E7-C1C50763BF37}"
EndProject
Project("{9A19103F-16F7-4668-BE54-9A1E7A4F7556}") = "TicTakToe", "LLD\TicTakToe\TicTakToe.csproj", "{4102A895-5A1A-4943-8A97-EDCB2509EFE1}"
EndProject
Project("{9A19103F-16F7-4668-BE54-9A1E7A4F7556}") = "SnakeLadder", "LLD\SnakeLadder\SnakeLadder.csproj", "{E18DF7DF-6F0B-4895-9EA4-040DB9B99E51}"
EndProject
Project("{9A19103F-16F7-4668-BE54-9A1E7A4F7556}") = "Elevator", "LLD\Elevator\Elevator.csproj", "{D39E0421-09BB-48D7-9816-B9F49AF99932}"
EndProject
Project("{9A19103F-16F7-4668-BE54-9A1E7A4F7556}") = "CarRentalSystem", "LLD\CarRentalSystem\CarRentalSystem.csproj", "{8D308D2A-05FF-4007-BAC9-E990649FBCC7}"
EndProject
Project("{2150E333-8FDC-42A3-9474-1A3956D46DE8}") = "DesignPattern", "DesignPattern", "{5ABD8122-1850-4F69-8218-4F7FBAE21A9E}"
EndProject
Project("{9A19103F-16F7-4668-BE54-9A1E7A4F7556}") = "WithoutStrategyDesignPattern", "LLD\DesignPattern\StrategyDesignPattern\WithoutStrategyDesignPattern.csproj", "{AA582391-5FBA-4E85-BDD7-2E9C3E5FB52C}"
EndProject
Project("{9A19103F-16F7-4668-BE54-9A1E7A4F7556}") = "MinimumWindowSubstring", "Array_String\MinimumWindowSubstring\MinimumWindowSubstring.csproj", "{932744DD-0A38-4902-987A-5AC00D21F991}"
EndProject
Project("{9A19103F-16F7-4668-BE54-9A1E7A4F7556}") = "WithStrategyDesignPattern", "LLD\DesignPattern\WithStrategyDesignPattern\WithStrategyDesignPattern.csproj", "{DFF9419B-8883-4DB6-BC60-DE778A9C91CD}"
EndProject
Project("{9A19103F-16F7-4668-BE54-9A1E7A4F7556}") = "ObserverDesignPattern", "LLD\DesignPattern\ObserverDesignPattern\ObserverDesignPattern.csproj", "{C08397B5-0DFB-4F95-82D2-8DB1C992A40C}"
EndProject
Project("{9A19103F-16F7-4668-BE54-9A1E7A4F7556}") = "Splitwise", "LLD\Splitwise\Splitwise.csproj", "{0633DEF5-5366-428F-897D-E2A9BFC4AABE}"
EndProject
Project("{9A19103F-16F7-4668-BE54-9A1E7A4F7556}") = "WordSearch", "Graph\WordSearch\WordSearch.csproj", "{CD41296F-6740-43A7-B837-B077782BC8C6}"
EndProject
Project("{9A19103F-16F7-4668-BE54-9A1E7A4F7556}") = "Parking_Lot", "LLD\Parking_Lot\Parking_Lot.csproj", "{ABBC46E4-A3AC-4B8D-A674-B64825C13279}"
EndProject
Project("{9A19103F-16F7-4668-BE54-9A1E7A4F7556}") = "DesignCache", "LLD\DesignCache\DesignCache.csproj", "{C0DE39DE-9DD0-435F-A621-13E82221574C}"
EndProject
Project("{9A19103F-16F7-4668-BE54-9A1E7A4F7556}") = "CabBooking", "LLD\CabBooking\CabBooking.csproj", "{503BD709-FFA5-436E-9137-9C24FAC85545}"
EndProject
Project("{9A19103F-16F7-4668-BE54-9A1E7A4F7556}") = "CountAndSayLeetCode", "Array_String\CountAndSayLeetCode\CountAndSayLeetCode.csproj", "{CAB71F0B-B1F5-4DC0-9D02-7E9887432474}"
EndProject
Project("{9A19103F-16F7-4668-BE54-9A1E7A4F7556}") = "LoggingSystem", "LLD\LoggingSystem\LoggingSystem.csproj", "{AF817C41-DB12-45D5-8E49-1B8F5D68DF26}"
EndProject
Project("{9A19103F-16F7-4668-BE54-9A1E7A4F7556}") = "ATMDispenseMachine", "LLD\ATMDispenseMachine\ATMDispenseMachine.csproj", "{AA089C2C-E33E-4939-AFDC-39AF26B3E522}"
EndProject
Project("{9A19103F-16F7-4668-BE54-9A1E7A4F7556}") = "VendingMachine", "LLD\VendingMachine\VendingMachine.csproj", "{6100020E-0226-4D6B-B3B8-F66F5D4F3911}"
EndProject
Project("{FAE04EC0-301F-11D3-BF4B-00C04F79EFBC}") = "StringPartition", "Array_String\StringPartition\StringPartition.csproj", "{52B24107-72E0-4850-8EC2-58E12F16F1C7}"
EndProject
Project("{FAE04EC0-301F-11D3-BF4B-00C04F79EFBC}") = "ApplyCoupon", "LLD\ApplyCoupon\ApplyCoupon.csproj", "{C9D65D97-14CA-49D1-B3DF-7DB6E74D3B48}"
EndProject
Project("{FAE04EC0-301F-11D3-BF4B-00C04F79EFBC}") = "Problem3Sum", "Problem3Sum\Problem3Sum.csproj", "{06133782-A867-46A1-9CE6-1E3C0A8DCD26}"
EndProject
Project("{FAE04EC0-301F-11D3-BF4B-00C04F79EFBC}") = "CourseSchedule2", "CourseSchedule2\CourseSchedule2.csproj", "{9675F320-7CDF-49D4-9B57-ED061CDF75AB}"
EndProject
Project("{2150E333-8FDC-42A3-9474-1A3956D46DE8}") = "DesignPattern", "DesignPattern", "{DE80097C-6C00-442A-8EE9-D92AC66B8CD6}"
EndProject
Project("{2150E333-8FDC-42A3-9474-1A3956D46DE8}") = "Creational", "Creational", "{6D8F7134-5987-443B-9C9F-6561D571AA74}"
EndProject
Project("{FAE04EC0-301F-11D3-BF4B-00C04F79EFBC}") = "FactoryDesignPattern", "DesignPattern\Creational\FactoryDesignPattern\FactoryDesignPattern.csproj", "{892705A5-9CE3-4DE6-B126-24D3F0A6F0BD}"
EndProject
Project("{FAE04EC0-301F-11D3-BF4B-00C04F79EFBC}") = "AbstractFactory", "DesignPattern\Creational\AbstractFactory\AbstractFactory.csproj", "{FFB8D734-2116-4E09-B900-6551DF0EB895}"
EndProject
Project("{FAE04EC0-301F-11D3-BF4B-00C04F79EFBC}") = "CommonCode", "DesignPattern\CommonCode\CommonCode.csproj", "{38996B59-7A49-4915-9393-D485E490B126}"
EndProject
Project("{FAE04EC0-301F-11D3-BF4B-00C04F79EFBC}") = "Builder", "DesignPattern\Creational\Builder\Builder.csproj", "{04C14918-E649-4786-84B2-0A2E30D3F530}"
EndProject
Project("{FAE04EC0-301F-11D3-BF4B-00C04F79EFBC}") = "TicTacToeV2", "LLD\TicTacToeV2\TicTacToeV2.csproj", "{1510ECD4-13BE-4DB6-8954-DC629A87F924}"
EndProject
Project("{FAE04EC0-301F-11D3-BF4B-00C04F79EFBC}") = "ChessGame", "LLD\ChessGame\ChessGame.csproj", "{23F0F5F5-69D9-4FC0-A5F1-27B0BC487A82}"
EndProject
Project("{2150E333-8FDC-42A3-9474-1A3956D46DE8}") = "Behavioural", "Behavioural", "{27B74140-BB46-4D9A-B6A2-E50B7BCED006}"
EndProject
Project("{FAE04EC0-301F-11D3-BF4B-00C04F79EFBC}") = "StateDesignPattern", "DesignPattern\Behavioural\StateDesignPattern\StateDesignPattern.csproj", "{D8B1ECF8-B88B-46FF-922D-6B33CC05D62A}"
EndProject
Project("{FAE04EC0-301F-11D3-BF4B-00C04F79EFBC}") = "ChainOfResponsibilityDesignPattern", "DesignPattern\Behavioural\ChainOfResponsibilityDesignPattern\ChainOfResponsibilityDesignPattern.csproj", "{3362F30C-AFB5-4FC4-A65C-ED00FEEFD35A}"
EndProject
Project("{2150E333-8FDC-42A3-9474-1A3956D46DE8}") = "Semaphore", "Semaphore", "{8DABDE45-0A1A-4E20-B03D-FED5E93C7D59}"
EndProject
Project("{FAE04EC0-301F-11D3-BF4B-00C04F79EFBC}") = "SemaphoreDemo", "Semaphore\SemaphoreDemo\SemaphoreDemo.csproj", "{6740B90E-6790-44F0-94DC-96FD6586CDC9}"
EndProject
Project("{FAE04EC0-301F-11D3-BF4B-00C04F79EFBC}") = "ZeroEvenOddProblem", "Array_String\ZeroEvenOddProblem\ZeroEvenOddProblem.csproj", "{8C7D63CA-B766-404F-8E85-6AC10BAABBBD}"
EndProject
Project("{FAE04EC0-301F-11D3-BF4B-00C04F79EFBC}") = "ThreadSafeBoundedQueueDemo", "Semaphore\ThreadSafeBoundedQueueDemo\ThreadSafeBoundedQueueDemo.csproj", "{4251C922-5E07-40D8-9F5C-40E3FA25ED16}"
EndProject
Global
	GlobalSection(SolutionConfigurationPlatforms) = preSolution
		Debug|Any CPU = Debug|Any CPU
		Release|Any CPU = Release|Any CPU
	EndGlobalSection
	GlobalSection(ProjectConfigurationPlatforms) = postSolution
		{AAA7B345-FC31-4129-84DE-FBDFCC9301C7}.Debug|Any CPU.ActiveCfg = Debug|Any CPU
		{AAA7B345-FC31-4129-84DE-FBDFCC9301C7}.Debug|Any CPU.Build.0 = Debug|Any CPU
		{AAA7B345-FC31-4129-84DE-FBDFCC9301C7}.Release|Any CPU.ActiveCfg = Release|Any CPU
		{AAA7B345-FC31-4129-84DE-FBDFCC9301C7}.Release|Any CPU.Build.0 = Release|Any CPU
		{8CF4E716-2DEC-4137-86F1-BFC0875BFA65}.Debug|Any CPU.ActiveCfg = Debug|Any CPU
		{8CF4E716-2DEC-4137-86F1-BFC0875BFA65}.Debug|Any CPU.Build.0 = Debug|Any CPU
		{8CF4E716-2DEC-4137-86F1-BFC0875BFA65}.Release|Any CPU.ActiveCfg = Release|Any CPU
		{8CF4E716-2DEC-4137-86F1-BFC0875BFA65}.Release|Any CPU.Build.0 = Release|Any CPU
		{9F348252-44DD-4A2C-A48E-FA1A4F5CBA67}.Debug|Any CPU.ActiveCfg = Debug|Any CPU
		{9F348252-44DD-4A2C-A48E-FA1A4F5CBA67}.Debug|Any CPU.Build.0 = Debug|Any CPU
		{9F348252-44DD-4A2C-A48E-FA1A4F5CBA67}.Release|Any CPU.ActiveCfg = Release|Any CPU
		{9F348252-44DD-4A2C-A48E-FA1A4F5CBA67}.Release|Any CPU.Build.0 = Release|Any CPU
		{830C8A4E-8EFF-4A2A-9640-A2A6F2E976B8}.Debug|Any CPU.ActiveCfg = Debug|Any CPU
		{830C8A4E-8EFF-4A2A-9640-A2A6F2E976B8}.Debug|Any CPU.Build.0 = Debug|Any CPU
		{830C8A4E-8EFF-4A2A-9640-A2A6F2E976B8}.Release|Any CPU.ActiveCfg = Release|Any CPU
		{830C8A4E-8EFF-4A2A-9640-A2A6F2E976B8}.Release|Any CPU.Build.0 = Release|Any CPU
		{C4BCE8E9-C4C9-4EF2-8C5A-9BB7B1E5AAA5}.Debug|Any CPU.ActiveCfg = Debug|Any CPU
		{C4BCE8E9-C4C9-4EF2-8C5A-9BB7B1E5AAA5}.Debug|Any CPU.Build.0 = Debug|Any CPU
		{C4BCE8E9-C4C9-4EF2-8C5A-9BB7B1E5AAA5}.Release|Any CPU.ActiveCfg = Release|Any CPU
		{C4BCE8E9-C4C9-4EF2-8C5A-9BB7B1E5AAA5}.Release|Any CPU.Build.0 = Release|Any CPU
		{5E5B9B42-D01B-4580-963B-35AB4DF44DBC}.Debug|Any CPU.ActiveCfg = Debug|Any CPU
		{5E5B9B42-D01B-4580-963B-35AB4DF44DBC}.Debug|Any CPU.Build.0 = Debug|Any CPU
		{5E5B9B42-D01B-4580-963B-35AB4DF44DBC}.Release|Any CPU.ActiveCfg = Release|Any CPU
		{5E5B9B42-D01B-4580-963B-35AB4DF44DBC}.Release|Any CPU.Build.0 = Release|Any CPU
		{CBEAC433-AADA-465F-9C90-B4725ECFA2C5}.Debug|Any CPU.ActiveCfg = Debug|Any CPU
		{CBEAC433-AADA-465F-9C90-B4725ECFA2C5}.Debug|Any CPU.Build.0 = Debug|Any CPU
		{CBEAC433-AADA-465F-9C90-B4725ECFA2C5}.Release|Any CPU.ActiveCfg = Release|Any CPU
		{CBEAC433-AADA-465F-9C90-B4725ECFA2C5}.Release|Any CPU.Build.0 = Release|Any CPU
		{C2E7BC09-7A7F-4D8C-9398-DE1B5EB8EC37}.Debug|Any CPU.ActiveCfg = Debug|Any CPU
		{C2E7BC09-7A7F-4D8C-9398-DE1B5EB8EC37}.Debug|Any CPU.Build.0 = Debug|Any CPU
		{C2E7BC09-7A7F-4D8C-9398-DE1B5EB8EC37}.Release|Any CPU.ActiveCfg = Release|Any CPU
		{C2E7BC09-7A7F-4D8C-9398-DE1B5EB8EC37}.Release|Any CPU.Build.0 = Release|Any CPU
		{BA55752C-DA44-4FCC-A1BE-297E56039C85}.Debug|Any CPU.ActiveCfg = Debug|Any CPU
		{BA55752C-DA44-4FCC-A1BE-297E56039C85}.Debug|Any CPU.Build.0 = Debug|Any CPU
		{BA55752C-DA44-4FCC-A1BE-297E56039C85}.Release|Any CPU.ActiveCfg = Release|Any CPU
		{BA55752C-DA44-4FCC-A1BE-297E56039C85}.Release|Any CPU.Build.0 = Release|Any CPU
		{BD57CC1D-FFF8-4795-9C24-0B7892897406}.Debug|Any CPU.ActiveCfg = Debug|Any CPU
		{BD57CC1D-FFF8-4795-9C24-0B7892897406}.Debug|Any CPU.Build.0 = Debug|Any CPU
		{BD57CC1D-FFF8-4795-9C24-0B7892897406}.Release|Any CPU.ActiveCfg = Release|Any CPU
		{BD57CC1D-FFF8-4795-9C24-0B7892897406}.Release|Any CPU.Build.0 = Release|Any CPU
		{6DC5AA93-98EE-4160-BDD9-F4F4F33DA8D7}.Debug|Any CPU.ActiveCfg = Debug|Any CPU
		{6DC5AA93-98EE-4160-BDD9-F4F4F33DA8D7}.Debug|Any CPU.Build.0 = Debug|Any CPU
		{6DC5AA93-98EE-4160-BDD9-F4F4F33DA8D7}.Release|Any CPU.ActiveCfg = Release|Any CPU
		{6DC5AA93-98EE-4160-BDD9-F4F4F33DA8D7}.Release|Any CPU.Build.0 = Release|Any CPU
		{71245B21-E554-4EF4-A17B-F0AB7DE58BFC}.Debug|Any CPU.ActiveCfg = Debug|Any CPU
		{71245B21-E554-4EF4-A17B-F0AB7DE58BFC}.Debug|Any CPU.Build.0 = Debug|Any CPU
		{71245B21-E554-4EF4-A17B-F0AB7DE58BFC}.Release|Any CPU.ActiveCfg = Release|Any CPU
		{71245B21-E554-4EF4-A17B-F0AB7DE58BFC}.Release|Any CPU.Build.0 = Release|Any CPU
		{D0DA3DD8-8CCA-43D0-91A1-24ACF2BCEBCF}.Debug|Any CPU.ActiveCfg = Debug|Any CPU
		{D0DA3DD8-8CCA-43D0-91A1-24ACF2BCEBCF}.Debug|Any CPU.Build.0 = Debug|Any CPU
		{D0DA3DD8-8CCA-43D0-91A1-24ACF2BCEBCF}.Release|Any CPU.ActiveCfg = Release|Any CPU
		{D0DA3DD8-8CCA-43D0-91A1-24ACF2BCEBCF}.Release|Any CPU.Build.0 = Release|Any CPU
		{14222B5D-6801-42B0-B7D2-7795209A31CB}.Debug|Any CPU.ActiveCfg = Debug|Any CPU
		{14222B5D-6801-42B0-B7D2-7795209A31CB}.Debug|Any CPU.Build.0 = Debug|Any CPU
		{14222B5D-6801-42B0-B7D2-7795209A31CB}.Release|Any CPU.ActiveCfg = Release|Any CPU
		{14222B5D-6801-42B0-B7D2-7795209A31CB}.Release|Any CPU.Build.0 = Release|Any CPU
		{BBE6C1C5-FE90-4215-875D-0372FDE9FE3A}.Debug|Any CPU.ActiveCfg = Debug|Any CPU
		{BBE6C1C5-FE90-4215-875D-0372FDE9FE3A}.Debug|Any CPU.Build.0 = Debug|Any CPU
		{BBE6C1C5-FE90-4215-875D-0372FDE9FE3A}.Release|Any CPU.ActiveCfg = Release|Any CPU
		{BBE6C1C5-FE90-4215-875D-0372FDE9FE3A}.Release|Any CPU.Build.0 = Release|Any CPU
		{D70271C4-CC5C-4159-A456-0B7F0B497780}.Debug|Any CPU.ActiveCfg = Debug|Any CPU
		{D70271C4-CC5C-4159-A456-0B7F0B497780}.Debug|Any CPU.Build.0 = Debug|Any CPU
		{D70271C4-CC5C-4159-A456-0B7F0B497780}.Release|Any CPU.ActiveCfg = Release|Any CPU
		{D70271C4-CC5C-4159-A456-0B7F0B497780}.Release|Any CPU.Build.0 = Release|Any CPU
		{2A6DB88B-4D39-4117-B7B4-6007DA1F3D33}.Debug|Any CPU.ActiveCfg = Debug|Any CPU
		{2A6DB88B-4D39-4117-B7B4-6007DA1F3D33}.Debug|Any CPU.Build.0 = Debug|Any CPU
		{2A6DB88B-4D39-4117-B7B4-6007DA1F3D33}.Release|Any CPU.ActiveCfg = Release|Any CPU
		{2A6DB88B-4D39-4117-B7B4-6007DA1F3D33}.Release|Any CPU.Build.0 = Release|Any CPU
		{4102A895-5A1A-4943-8A97-EDCB2509EFE1}.Debug|Any CPU.ActiveCfg = Debug|Any CPU
		{4102A895-5A1A-4943-8A97-EDCB2509EFE1}.Debug|Any CPU.Build.0 = Debug|Any CPU
		{4102A895-5A1A-4943-8A97-EDCB2509EFE1}.Release|Any CPU.ActiveCfg = Release|Any CPU
		{4102A895-5A1A-4943-8A97-EDCB2509EFE1}.Release|Any CPU.Build.0 = Release|Any CPU
		{E18DF7DF-6F0B-4895-9EA4-040DB9B99E51}.Debug|Any CPU.ActiveCfg = Debug|Any CPU
		{E18DF7DF-6F0B-4895-9EA4-040DB9B99E51}.Debug|Any CPU.Build.0 = Debug|Any CPU
		{E18DF7DF-6F0B-4895-9EA4-040DB9B99E51}.Release|Any CPU.ActiveCfg = Release|Any CPU
		{E18DF7DF-6F0B-4895-9EA4-040DB9B99E51}.Release|Any CPU.Build.0 = Release|Any CPU
		{D39E0421-09BB-48D7-9816-B9F49AF99932}.Debug|Any CPU.ActiveCfg = Debug|Any CPU
		{D39E0421-09BB-48D7-9816-B9F49AF99932}.Debug|Any CPU.Build.0 = Debug|Any CPU
		{D39E0421-09BB-48D7-9816-B9F49AF99932}.Release|Any CPU.ActiveCfg = Release|Any CPU
		{D39E0421-09BB-48D7-9816-B9F49AF99932}.Release|Any CPU.Build.0 = Release|Any CPU
		{8D308D2A-05FF-4007-BAC9-E990649FBCC7}.Debug|Any CPU.ActiveCfg = Debug|Any CPU
		{8D308D2A-05FF-4007-BAC9-E990649FBCC7}.Debug|Any CPU.Build.0 = Debug|Any CPU
		{8D308D2A-05FF-4007-BAC9-E990649FBCC7}.Release|Any CPU.ActiveCfg = Release|Any CPU
		{8D308D2A-05FF-4007-BAC9-E990649FBCC7}.Release|Any CPU.Build.0 = Release|Any CPU
		{AA582391-5FBA-4E85-BDD7-2E9C3E5FB52C}.Debug|Any CPU.ActiveCfg = Debug|Any CPU
		{AA582391-5FBA-4E85-BDD7-2E9C3E5FB52C}.Debug|Any CPU.Build.0 = Debug|Any CPU
		{AA582391-5FBA-4E85-BDD7-2E9C3E5FB52C}.Release|Any CPU.ActiveCfg = Release|Any CPU
		{AA582391-5FBA-4E85-BDD7-2E9C3E5FB52C}.Release|Any CPU.Build.0 = Release|Any CPU
		{932744DD-0A38-4902-987A-5AC00D21F991}.Debug|Any CPU.ActiveCfg = Debug|Any CPU
		{932744DD-0A38-4902-987A-5AC00D21F991}.Debug|Any CPU.Build.0 = Debug|Any CPU
		{932744DD-0A38-4902-987A-5AC00D21F991}.Release|Any CPU.ActiveCfg = Release|Any CPU
		{932744DD-0A38-4902-987A-5AC00D21F991}.Release|Any CPU.Build.0 = Release|Any CPU
		{DFF9419B-8883-4DB6-BC60-DE778A9C91CD}.Debug|Any CPU.ActiveCfg = Debug|Any CPU
		{DFF9419B-8883-4DB6-BC60-DE778A9C91CD}.Debug|Any CPU.Build.0 = Debug|Any CPU
		{DFF9419B-8883-4DB6-BC60-DE778A9C91CD}.Release|Any CPU.ActiveCfg = Release|Any CPU
		{DFF9419B-8883-4DB6-BC60-DE778A9C91CD}.Release|Any CPU.Build.0 = Release|Any CPU
		{C08397B5-0DFB-4F95-82D2-8DB1C992A40C}.Debug|Any CPU.ActiveCfg = Debug|Any CPU
		{C08397B5-0DFB-4F95-82D2-8DB1C992A40C}.Debug|Any CPU.Build.0 = Debug|Any CPU
		{C08397B5-0DFB-4F95-82D2-8DB1C992A40C}.Release|Any CPU.ActiveCfg = Release|Any CPU
		{C08397B5-0DFB-4F95-82D2-8DB1C992A40C}.Release|Any CPU.Build.0 = Release|Any CPU
		{0633DEF5-5366-428F-897D-E2A9BFC4AABE}.Debug|Any CPU.ActiveCfg = Debug|Any CPU
		{0633DEF5-5366-428F-897D-E2A9BFC4AABE}.Debug|Any CPU.Build.0 = Debug|Any CPU
		{0633DEF5-5366-428F-897D-E2A9BFC4AABE}.Release|Any CPU.ActiveCfg = Release|Any CPU
		{0633DEF5-5366-428F-897D-E2A9BFC4AABE}.Release|Any CPU.Build.0 = Release|Any CPU
		{CD41296F-6740-43A7-B837-B077782BC8C6}.Debug|Any CPU.ActiveCfg = Debug|Any CPU
		{CD41296F-6740-43A7-B837-B077782BC8C6}.Debug|Any CPU.Build.0 = Debug|Any CPU
		{CD41296F-6740-43A7-B837-B077782BC8C6}.Release|Any CPU.ActiveCfg = Release|Any CPU
		{CD41296F-6740-43A7-B837-B077782BC8C6}.Release|Any CPU.Build.0 = Release|Any CPU
		{ABBC46E4-A3AC-4B8D-A674-B64825C13279}.Debug|Any CPU.ActiveCfg = Debug|Any CPU
		{ABBC46E4-A3AC-4B8D-A674-B64825C13279}.Debug|Any CPU.Build.0 = Debug|Any CPU
		{ABBC46E4-A3AC-4B8D-A674-B64825C13279}.Release|Any CPU.ActiveCfg = Release|Any CPU
		{ABBC46E4-A3AC-4B8D-A674-B64825C13279}.Release|Any CPU.Build.0 = Release|Any CPU
		{C0DE39DE-9DD0-435F-A621-13E82221574C}.Debug|Any CPU.ActiveCfg = Debug|Any CPU
		{C0DE39DE-9DD0-435F-A621-13E82221574C}.Debug|Any CPU.Build.0 = Debug|Any CPU
		{C0DE39DE-9DD0-435F-A621-13E82221574C}.Release|Any CPU.ActiveCfg = Release|Any CPU
		{C0DE39DE-9DD0-435F-A621-13E82221574C}.Release|Any CPU.Build.0 = Release|Any CPU
		{503BD709-FFA5-436E-9137-9C24FAC85545}.Debug|Any CPU.ActiveCfg = Debug|Any CPU
		{503BD709-FFA5-436E-9137-9C24FAC85545}.Debug|Any CPU.Build.0 = Debug|Any CPU
		{503BD709-FFA5-436E-9137-9C24FAC85545}.Release|Any CPU.ActiveCfg = Release|Any CPU
		{503BD709-FFA5-436E-9137-9C24FAC85545}.Release|Any CPU.Build.0 = Release|Any CPU
		{CAB71F0B-B1F5-4DC0-9D02-7E9887432474}.Debug|Any CPU.ActiveCfg = Debug|Any CPU
		{CAB71F0B-B1F5-4DC0-9D02-7E9887432474}.Debug|Any CPU.Build.0 = Debug|Any CPU
		{CAB71F0B-B1F5-4DC0-9D02-7E9887432474}.Release|Any CPU.ActiveCfg = Release|Any CPU
		{CAB71F0B-B1F5-4DC0-9D02-7E9887432474}.Release|Any CPU.Build.0 = Release|Any CPU
		{AF817C41-DB12-45D5-8E49-1B8F5D68DF26}.Debug|Any CPU.ActiveCfg = Debug|Any CPU
		{AF817C41-DB12-45D5-8E49-1B8F5D68DF26}.Debug|Any CPU.Build.0 = Debug|Any CPU
		{AF817C41-DB12-45D5-8E49-1B8F5D68DF26}.Release|Any CPU.ActiveCfg = Release|Any CPU
		{AF817C41-DB12-45D5-8E49-1B8F5D68DF26}.Release|Any CPU.Build.0 = Release|Any CPU
		{AA089C2C-E33E-4939-AFDC-39AF26B3E522}.Debug|Any CPU.ActiveCfg = Debug|Any CPU
		{AA089C2C-E33E-4939-AFDC-39AF26B3E522}.Debug|Any CPU.Build.0 = Debug|Any CPU
		{AA089C2C-E33E-4939-AFDC-39AF26B3E522}.Release|Any CPU.ActiveCfg = Release|Any CPU
		{AA089C2C-E33E-4939-AFDC-39AF26B3E522}.Release|Any CPU.Build.0 = Release|Any CPU
		{6100020E-0226-4D6B-B3B8-F66F5D4F3911}.Debug|Any CPU.ActiveCfg = Debug|Any CPU
		{6100020E-0226-4D6B-B3B8-F66F5D4F3911}.Debug|Any CPU.Build.0 = Debug|Any CPU
		{6100020E-0226-4D6B-B3B8-F66F5D4F3911}.Release|Any CPU.ActiveCfg = Release|Any CPU
		{6100020E-0226-4D6B-B3B8-F66F5D4F3911}.Release|Any CPU.Build.0 = Release|Any CPU
		{52B24107-72E0-4850-8EC2-58E12F16F1C7}.Debug|Any CPU.ActiveCfg = Debug|Any CPU
		{52B24107-72E0-4850-8EC2-58E12F16F1C7}.Debug|Any CPU.Build.0 = Debug|Any CPU
		{52B24107-72E0-4850-8EC2-58E12F16F1C7}.Release|Any CPU.ActiveCfg = Release|Any CPU
		{52B24107-72E0-4850-8EC2-58E12F16F1C7}.Release|Any CPU.Build.0 = Release|Any CPU
		{C9D65D97-14CA-49D1-B3DF-7DB6E74D3B48}.Debug|Any CPU.ActiveCfg = Debug|Any CPU
		{C9D65D97-14CA-49D1-B3DF-7DB6E74D3B48}.Debug|Any CPU.Build.0 = Debug|Any CPU
		{C9D65D97-14CA-49D1-B3DF-7DB6E74D3B48}.Release|Any CPU.ActiveCfg = Release|Any CPU
		{C9D65D97-14CA-49D1-B3DF-7DB6E74D3B48}.Release|Any CPU.Build.0 = Release|Any CPU
		{06133782-A867-46A1-9CE6-1E3C0A8DCD26}.Debug|Any CPU.ActiveCfg = Debug|Any CPU
		{06133782-A867-46A1-9CE6-1E3C0A8DCD26}.Debug|Any CPU.Build.0 = Debug|Any CPU
		{06133782-A867-46A1-9CE6-1E3C0A8DCD26}.Release|Any CPU.ActiveCfg = Release|Any CPU
		{06133782-A867-46A1-9CE6-1E3C0A8DCD26}.Release|Any CPU.Build.0 = Release|Any CPU
		{9675F320-7CDF-49D4-9B57-ED061CDF75AB}.Debug|Any CPU.ActiveCfg = Debug|Any CPU
		{9675F320-7CDF-49D4-9B57-ED061CDF75AB}.Debug|Any CPU.Build.0 = Debug|Any CPU
		{9675F320-7CDF-49D4-9B57-ED061CDF75AB}.Release|Any CPU.ActiveCfg = Release|Any CPU
		{9675F320-7CDF-49D4-9B57-ED061CDF75AB}.Release|Any CPU.Build.0 = Release|Any CPU
		{892705A5-9CE3-4DE6-B126-24D3F0A6F0BD}.Debug|Any CPU.ActiveCfg = Debug|Any CPU
		{892705A5-9CE3-4DE6-B126-24D3F0A6F0BD}.Debug|Any CPU.Build.0 = Debug|Any CPU
		{892705A5-9CE3-4DE6-B126-24D3F0A6F0BD}.Release|Any CPU.ActiveCfg = Release|Any CPU
		{892705A5-9CE3-4DE6-B126-24D3F0A6F0BD}.Release|Any CPU.Build.0 = Release|Any CPU
		{FFB8D734-2116-4E09-B900-6551DF0EB895}.Debug|Any CPU.ActiveCfg = Debug|Any CPU
		{FFB8D734-2116-4E09-B900-6551DF0EB895}.Debug|Any CPU.Build.0 = Debug|Any CPU
		{FFB8D734-2116-4E09-B900-6551DF0EB895}.Release|Any CPU.ActiveCfg = Release|Any CPU
		{FFB8D734-2116-4E09-B900-6551DF0EB895}.Release|Any CPU.Build.0 = Release|Any CPU
		{38996B59-7A49-4915-9393-D485E490B126}.Debug|Any CPU.ActiveCfg = Debug|Any CPU
		{38996B59-7A49-4915-9393-D485E490B126}.Debug|Any CPU.Build.0 = Debug|Any CPU
		{38996B59-7A49-4915-9393-D485E490B126}.Release|Any CPU.ActiveCfg = Release|Any CPU
		{38996B59-7A49-4915-9393-D485E490B126}.Release|Any CPU.Build.0 = Release|Any CPU
		{04C14918-E649-4786-84B2-0A2E30D3F530}.Debug|Any CPU.ActiveCfg = Debug|Any CPU
		{04C14918-E649-4786-84B2-0A2E30D3F530}.Debug|Any CPU.Build.0 = Debug|Any CPU
		{04C14918-E649-4786-84B2-0A2E30D3F530}.Release|Any CPU.ActiveCfg = Release|Any CPU
		{04C14918-E649-4786-84B2-0A2E30D3F530}.Release|Any CPU.Build.0 = Release|Any CPU
		{1510ECD4-13BE-4DB6-8954-DC629A87F924}.Debug|Any CPU.ActiveCfg = Debug|Any CPU
		{1510ECD4-13BE-4DB6-8954-DC629A87F924}.Debug|Any CPU.Build.0 = Debug|Any CPU
		{1510ECD4-13BE-4DB6-8954-DC629A87F924}.Release|Any CPU.ActiveCfg = Release|Any CPU
		{1510ECD4-13BE-4DB6-8954-DC629A87F924}.Release|Any CPU.Build.0 = Release|Any CPU
		{23F0F5F5-69D9-4FC0-A5F1-27B0BC487A82}.Debug|Any CPU.ActiveCfg = Debug|Any CPU
		{23F0F5F5-69D9-4FC0-A5F1-27B0BC487A82}.Debug|Any CPU.Build.0 = Debug|Any CPU
		{23F0F5F5-69D9-4FC0-A5F1-27B0BC487A82}.Release|Any CPU.ActiveCfg = Release|Any CPU
		{23F0F5F5-69D9-4FC0-A5F1-27B0BC487A82}.Release|Any CPU.Build.0 = Release|Any CPU
		{D8B1ECF8-B88B-46FF-922D-6B33CC05D62A}.Debug|Any CPU.ActiveCfg = Debug|Any CPU
		{D8B1ECF8-B88B-46FF-922D-6B33CC05D62A}.Debug|Any CPU.Build.0 = Debug|Any CPU
		{D8B1ECF8-B88B-46FF-922D-6B33CC05D62A}.Release|Any CPU.ActiveCfg = Release|Any CPU
		{D8B1ECF8-B88B-46FF-922D-6B33CC05D62A}.Release|Any CPU.Build.0 = Release|Any CPU
		{3362F30C-AFB5-4FC4-A65C-ED00FEEFD35A}.Debug|Any CPU.ActiveCfg = Debug|Any CPU
		{3362F30C-AFB5-4FC4-A65C-ED00FEEFD35A}.Debug|Any CPU.Build.0 = Debug|Any CPU
		{3362F30C-AFB5-4FC4-A65C-ED00FEEFD35A}.Release|Any CPU.ActiveCfg = Release|Any CPU
		{3362F30C-AFB5-4FC4-A65C-ED00FEEFD35A}.Release|Any CPU.Build.0 = Release|Any CPU
		{6740B90E-6790-44F0-94DC-96FD6586CDC9}.Debug|Any CPU.ActiveCfg = Debug|Any CPU
		{6740B90E-6790-44F0-94DC-96FD6586CDC9}.Debug|Any CPU.Build.0 = Debug|Any CPU
		{6740B90E-6790-44F0-94DC-96FD6586CDC9}.Release|Any CPU.ActiveCfg = Release|Any CPU
		{6740B90E-6790-44F0-94DC-96FD6586CDC9}.Release|Any CPU.Build.0 = Release|Any CPU
		{8C7D63CA-B766-404F-8E85-6AC10BAABBBD}.Debug|Any CPU.ActiveCfg = Debug|Any CPU
		{8C7D63CA-B766-404F-8E85-6AC10BAABBBD}.Debug|Any CPU.Build.0 = Debug|Any CPU
		{8C7D63CA-B766-404F-8E85-6AC10BAABBBD}.Release|Any CPU.ActiveCfg = Release|Any CPU
		{8C7D63CA-B766-404F-8E85-6AC10BAABBBD}.Release|Any CPU.Build.0 = Release|Any CPU
		{4251C922-5E07-40D8-9F5C-40E3FA25ED16}.Debug|Any CPU.ActiveCfg = Debug|Any CPU
		{4251C922-5E07-40D8-9F5C-40E3FA25ED16}.Debug|Any CPU.Build.0 = Debug|Any CPU
		{4251C922-5E07-40D8-9F5C-40E3FA25ED16}.Release|Any CPU.ActiveCfg = Release|Any CPU
		{4251C922-5E07-40D8-9F5C-40E3FA25ED16}.Release|Any CPU.Build.0 = Release|Any CPU
	EndGlobalSection
	GlobalSection(SolutionProperties) = preSolution
		HideSolutionNode = FALSE
	EndGlobalSection
	GlobalSection(NestedProjects) = preSolution
		{AAA7B345-FC31-4129-84DE-FBDFCC9301C7} = {8CC1F563-174C-4E03-9E45-D0683ED9F999}
		{8CF4E716-2DEC-4137-86F1-BFC0875BFA65} = {8CC1F563-174C-4E03-9E45-D0683ED9F999}
		{9F348252-44DD-4A2C-A48E-FA1A4F5CBA67} = {8CC1F563-174C-4E03-9E45-D0683ED9F999}
		{830C8A4E-8EFF-4A2A-9640-A2A6F2E976B8} = {8CC1F563-174C-4E03-9E45-D0683ED9F999}
		{C4BCE8E9-C4C9-4EF2-8C5A-9BB7B1E5AAA5} = {9A808174-60A9-4DF0-8B42-02240C20D6B8}
		{5E5B9B42-D01B-4580-963B-35AB4DF44DBC} = {8CC1F563-174C-4E03-9E45-D0683ED9F999}
		{CBEAC433-AADA-465F-9C90-B4725ECFA2C5} = {8CC1F563-174C-4E03-9E45-D0683ED9F999}
		{C2E7BC09-7A7F-4D8C-9398-DE1B5EB8EC37} = {8CC1F563-174C-4E03-9E45-D0683ED9F999}
		{BA55752C-DA44-4FCC-A1BE-297E56039C85} = {8CC1F563-174C-4E03-9E45-D0683ED9F999}
		{BD57CC1D-FFF8-4795-9C24-0B7892897406} = {92D5A199-D802-4CDE-9EB6-E41B71E84603}
		{6DC5AA93-98EE-4160-BDD9-F4F4F33DA8D7} = {87200333-9E97-438A-AA94-E9D61A3B9B12}
		{71245B21-E554-4EF4-A17B-F0AB7DE58BFC} = {9EE8BC01-DDF8-457D-84A4-43E851A07ADA}
		{D0DA3DD8-8CCA-43D0-91A1-24ACF2BCEBCF} = {87200333-9E97-438A-AA94-E9D61A3B9B12}
		{14222B5D-6801-42B0-B7D2-7795209A31CB} = {E84A2DD1-3158-4805-81E3-405E66D24AB9}
		{BBE6C1C5-FE90-4215-875D-0372FDE9FE3A} = {E84A2DD1-3158-4805-81E3-405E66D24AB9}
		{D70271C4-CC5C-4159-A456-0B7F0B497780} = {92D5A199-D802-4CDE-9EB6-E41B71E84603}
		{2A6DB88B-4D39-4117-B7B4-6007DA1F3D33} = {87200333-9E97-438A-AA94-E9D61A3B9B12}
		{4102A895-5A1A-4943-8A97-EDCB2509EFE1} = {2D834AF9-1802-4500-B0E7-C1C50763BF37}
		{E18DF7DF-6F0B-4895-9EA4-040DB9B99E51} = {2D834AF9-1802-4500-B0E7-C1C50763BF37}
		{D39E0421-09BB-48D7-9816-B9F49AF99932} = {2D834AF9-1802-4500-B0E7-C1C50763BF37}
		{8D308D2A-05FF-4007-BAC9-E990649FBCC7} = {2D834AF9-1802-4500-B0E7-C1C50763BF37}
		{5ABD8122-1850-4F69-8218-4F7FBAE21A9E} = {2D834AF9-1802-4500-B0E7-C1C50763BF37}
		{AA582391-5FBA-4E85-BDD7-2E9C3E5FB52C} = {5ABD8122-1850-4F69-8218-4F7FBAE21A9E}
		{932744DD-0A38-4902-987A-5AC00D21F991} = {87200333-9E97-438A-AA94-E9D61A3B9B12}
		{DFF9419B-8883-4DB6-BC60-DE778A9C91CD} = {5ABD8122-1850-4F69-8218-4F7FBAE21A9E}
		{C08397B5-0DFB-4F95-82D2-8DB1C992A40C} = {5ABD8122-1850-4F69-8218-4F7FBAE21A9E}
		{0633DEF5-5366-428F-897D-E2A9BFC4AABE} = {2D834AF9-1802-4500-B0E7-C1C50763BF37}
		{CD41296F-6740-43A7-B837-B077782BC8C6} = {8CC1F563-174C-4E03-9E45-D0683ED9F999}
		{ABBC46E4-A3AC-4B8D-A674-B64825C13279} = {2D834AF9-1802-4500-B0E7-C1C50763BF37}
		{C0DE39DE-9DD0-435F-A621-13E82221574C} = {2D834AF9-1802-4500-B0E7-C1C50763BF37}
		{503BD709-FFA5-436E-9137-9C24FAC85545} = {2D834AF9-1802-4500-B0E7-C1C50763BF37}
		{CAB71F0B-B1F5-4DC0-9D02-7E9887432474} = {87200333-9E97-438A-AA94-E9D61A3B9B12}
		{AF817C41-DB12-45D5-8E49-1B8F5D68DF26} = {2D834AF9-1802-4500-B0E7-C1C50763BF37}
		{AA089C2C-E33E-4939-AFDC-39AF26B3E522} = {2D834AF9-1802-4500-B0E7-C1C50763BF37}
		{6100020E-0226-4D6B-B3B8-F66F5D4F3911} = {2D834AF9-1802-4500-B0E7-C1C50763BF37}
		{52B24107-72E0-4850-8EC2-58E12F16F1C7} = {87200333-9E97-438A-AA94-E9D61A3B9B12}
		{C9D65D97-14CA-49D1-B3DF-7DB6E74D3B48} = {2D834AF9-1802-4500-B0E7-C1C50763BF37}
		{06133782-A867-46A1-9CE6-1E3C0A8DCD26} = {87200333-9E97-438A-AA94-E9D61A3B9B12}
		{9675F320-7CDF-49D4-9B57-ED061CDF75AB} = {8CC1F563-174C-4E03-9E45-D0683ED9F999}
		{6D8F7134-5987-443B-9C9F-6561D571AA74} = {DE80097C-6C00-442A-8EE9-D92AC66B8CD6}
		{892705A5-9CE3-4DE6-B126-24D3F0A6F0BD} = {6D8F7134-5987-443B-9C9F-6561D571AA74}
		{FFB8D734-2116-4E09-B900-6551DF0EB895} = {6D8F7134-5987-443B-9C9F-6561D571AA74}
		{38996B59-7A49-4915-9393-D485E490B126} = {DE80097C-6C00-442A-8EE9-D92AC66B8CD6}
		{04C14918-E649-4786-84B2-0A2E30D3F530} = {6D8F7134-5987-443B-9C9F-6561D571AA74}
		{1510ECD4-13BE-4DB6-8954-DC629A87F924} = {2D834AF9-1802-4500-B0E7-C1C50763BF37}
		{23F0F5F5-69D9-4FC0-A5F1-27B0BC487A82} = {2D834AF9-1802-4500-B0E7-C1C50763BF37}
		{27B74140-BB46-4D9A-B6A2-E50B7BCED006} = {DE80097C-6C00-442A-8EE9-D92AC66B8CD6}
		{D8B1ECF8-B88B-46FF-922D-6B33CC05D62A} = {27B74140-BB46-4D9A-B6A2-E50B7BCED006}
		{3362F30C-AFB5-4FC4-A65C-ED00FEEFD35A} = {27B74140-BB46-4D9A-B6A2-E50B7BCED006}
		{6740B90E-6790-44F0-94DC-96FD6586CDC9} = {8DABDE45-0A1A-4E20-B03D-FED5E93C7D59}
		{8C7D63CA-B766-404F-8E85-6AC10BAABBBD} = {87200333-9E97-438A-AA94-E9D61A3B9B12}
		{4251C922-5E07-40D8-9F5C-40E3FA25ED16} = {8DABDE45-0A1A-4E20-B03D-FED5E93C7D59}
	EndGlobalSection
	GlobalSection(ExtensibilityGlobals) = postSolution
		SolutionGuid = {9550904E-1BAF-41CC-9559-BA7E4CB1F91A}
	EndGlobalSection
EndGlobal
